
Microsoft Visual Studio Solution File, Format Version 12.00
# Visual Studio Version 17
VisualStudioVersion = 17.3.32901.215
MinimumVisualStudioVersion = 10.0.40219.1
Project("{2150E333-8FDC-42A3-9474-1A3956D46DE8}") = "Frontend", "Frontend", "{6A5C9503-ED73-42B0-9497-AA5981C16F06}"
EndProject
Project("{9A19103F-16F7-4668-BE54-9A1E7A4F7556}") = "RatingStudio.Avalonia", "src\RatingStudio.Avalonia\RatingStudio.Avalonia.csproj", "{08ED5763-48BE-4634-BEF5-59FF9496EAB2}"
EndProject
Global
	GlobalSection(SolutionConfigurationPlatforms) = preSolution
		Debug|Any CPU = Debug|Any CPU
		Release|Any CPU = Release|Any CPU
	EndGlobalSection
	GlobalSection(ProjectConfigurationPlatforms) = postSolution
		{08ED5763-48BE-4634-BEF5-59FF9496EAB2}.Debug|Any CPU.ActiveCfg = Debug|Any CPU
		{08ED5763-48BE-4634-BEF5-59FF9496EAB2}.Debug|Any CPU.Build.0 = Debug|Any CPU
		{08ED5763-48BE-4634-BEF5-59FF9496EAB2}.Release|Any CPU.ActiveCfg = Release|Any CPU
		{08ED5763-48BE-4634-BEF5-59FF9496EAB2}.Release|Any CPU.Build.0 = Release|Any CPU
	EndGlobalSection
	GlobalSection(SolutionProperties) = preSolution
		HideSolutionNode = FALSE
	EndGlobalSection
	GlobalSection(NestedProjects) = preSolution
		{08ED5763-48BE-4634-BEF5-59FF9496EAB2} = {6A5C9503-ED73-42B0-9497-AA5981C16F06}
	EndGlobalSection
	GlobalSection(ExtensibilityGlobals) = postSolution
		SolutionGuid = {02917AB8-0480-44D9-B56E-477DE377A4F5}
	EndGlobalSection
EndGlobal
